
Microsoft Visual Studio Solution File, Format Version 12.00
# Visual Studio Version 16
VisualStudioVersion = 16.0.31019.35
MinimumVisualStudioVersion = 10.0.40219.1
Project("{FAE04EC0-301F-11D3-BF4B-00C04F79EFBC}") = "InjectionDependance", "InjectionDependance\InjectionDependance.csproj", "{89041008-29DE-43E9-83A2-D504FADC88E5}"
EndProject
Global
	GlobalSection(SolutionConfigurationPlatforms) = preSolution
		Debug|Any CPU = Debug|Any CPU
		Release|Any CPU = Release|Any CPU
	EndGlobalSection
	GlobalSection(ProjectConfigurationPlatforms) = postSolution
		{89041008-29DE-43E9-83A2-D504FADC88E5}.Debug|Any CPU.ActiveCfg = Debug|Any CPU
		{89041008-29DE-43E9-83A2-D504FADC88E5}.Debug|Any CPU.Build.0 = Debug|Any CPU
		{89041008-29DE-43E9-83A2-D504FADC88E5}.Release|Any CPU.ActiveCfg = Release|Any CPU
		{89041008-29DE-43E9-83A2-D504FADC88E5}.Release|Any CPU.Build.0 = Release|Any CPU
	EndGlobalSection
	GlobalSection(SolutionProperties) = preSolution
		HideSolutionNode = FALSE
	EndGlobalSection
	GlobalSection(ExtensibilityGlobals) = postSolution
		SolutionGuid = {DD5DAB0E-DBA7-4171-A9F5-0997A7C027E4}
	EndGlobalSection
EndGlobal
