
Microsoft Visual Studio Solution File, Format Version 12.00
# Visual Studio Version 16
VisualStudioVersion = 16.0.31105.61
MinimumVisualStudioVersion = 10.0.40219.1
Project("{FAE04EC0-301F-11D3-BF4B-00C04F79EFBC}") = "Hotel", "Hotel\Hotel.csproj", "{2A2BDB31-5938-4945-BF36-418D7D8B50BF}"
EndProject
Global
	GlobalSection(SolutionConfigurationPlatforms) = preSolution
		Debug|Any CPU = Debug|Any CPU
		Release|Any CPU = Release|Any CPU
	EndGlobalSection
	GlobalSection(ProjectConfigurationPlatforms) = postSolution
		{2A2BDB31-5938-4945-BF36-418D7D8B50BF}.Debug|Any CPU.ActiveCfg = Debug|Any CPU
		{2A2BDB31-5938-4945-BF36-418D7D8B50BF}.Debug|Any CPU.Build.0 = Debug|Any CPU
		{2A2BDB31-5938-4945-BF36-418D7D8B50BF}.Release|Any CPU.ActiveCfg = Release|Any CPU
		{2A2BDB31-5938-4945-BF36-418D7D8B50BF}.Release|Any CPU.Build.0 = Release|Any CPU
	EndGlobalSection
	GlobalSection(SolutionProperties) = preSolution
		HideSolutionNode = FALSE
	EndGlobalSection
	GlobalSection(ExtensibilityGlobals) = postSolution
		SolutionGuid = {EAD77D3E-2C0E-4FF8-A63C-B849447450E2}
	EndGlobalSection
EndGlobal
