
Microsoft Visual Studio Solution File, Format Version 12.00
# Visual Studio Version 16
VisualStudioVersion = 16.0.31105.61
MinimumVisualStudioVersion = 10.0.40219.1
Project("{FAE04EC0-301F-11D3-BF4B-00C04F79EFBC}") = "api_bis", "api_bis\api_bis.csproj", "{D4E454B6-44D6-445F-B751-50D84C40508F}"
EndProject
Global
	GlobalSection(SolutionConfigurationPlatforms) = preSolution
		Debug|Any CPU = Debug|Any CPU
		Release|Any CPU = Release|Any CPU
	EndGlobalSection
	GlobalSection(ProjectConfigurationPlatforms) = postSolution
		{D4E454B6-44D6-445F-B751-50D84C40508F}.Debug|Any CPU.ActiveCfg = Debug|Any CPU
		{D4E454B6-44D6-445F-B751-50D84C40508F}.Debug|Any CPU.Build.0 = Debug|Any CPU
		{D4E454B6-44D6-445F-B751-50D84C40508F}.Release|Any CPU.ActiveCfg = Release|Any CPU
		{D4E454B6-44D6-445F-B751-50D84C40508F}.Release|Any CPU.Build.0 = Release|Any CPU
	EndGlobalSection
	GlobalSection(SolutionProperties) = preSolution
		HideSolutionNode = FALSE
	EndGlobalSection
	GlobalSection(ExtensibilityGlobals) = postSolution
		SolutionGuid = {770ED645-694C-4430-AC9F-DE2A3A0A8C14}
	EndGlobalSection
EndGlobal
