
Microsoft Visual Studio Solution File, Format Version 12.00
# Visual Studio Version 16
VisualStudioVersion = 16.0.31105.61
MinimumVisualStudioVersion = 10.0.40219.1
Project("{FAE04EC0-301F-11D3-BF4B-00C04F79EFBC}") = "API", "API\API.csproj", "{76368604-FC19-4BF4-BE75-591529ADCF7B}"
EndProject
Global
	GlobalSection(SolutionConfigurationPlatforms) = preSolution
		Debug|Any CPU = Debug|Any CPU
		Release|Any CPU = Release|Any CPU
	EndGlobalSection
	GlobalSection(ProjectConfigurationPlatforms) = postSolution
		{76368604-FC19-4BF4-BE75-591529ADCF7B}.Debug|Any CPU.ActiveCfg = Debug|Any CPU
		{76368604-FC19-4BF4-BE75-591529ADCF7B}.Debug|Any CPU.Build.0 = Debug|Any CPU
		{76368604-FC19-4BF4-BE75-591529ADCF7B}.Release|Any CPU.ActiveCfg = Release|Any CPU
		{76368604-FC19-4BF4-BE75-591529ADCF7B}.Release|Any CPU.Build.0 = Release|Any CPU
	EndGlobalSection
	GlobalSection(SolutionProperties) = preSolution
		HideSolutionNode = FALSE
	EndGlobalSection
	GlobalSection(ExtensibilityGlobals) = postSolution
		SolutionGuid = {FD730714-9183-49BF-8873-E5757DF02FA0}
	EndGlobalSection
EndGlobal
