
Microsoft Visual Studio Solution File, Format Version 12.00
# Visual Studio Version 16
VisualStudioVersion = 16.0.31025.194
MinimumVisualStudioVersion = 10.0.40219.1
Project("{FAE04EC0-301F-11D3-BF4B-00C04F79EFBC}") = "MyWebApp", "MyWebApp\MyWebApp.csproj", "{DBAF4D5A-3989-4C1B-8EBB-008F56672C84}"
EndProject
Global
	GlobalSection(SolutionConfigurationPlatforms) = preSolution
		Debug|Any CPU = Debug|Any CPU
		Release|Any CPU = Release|Any CPU
	EndGlobalSection
	GlobalSection(ProjectConfigurationPlatforms) = postSolution
		{DBAF4D5A-3989-4C1B-8EBB-008F56672C84}.Debug|Any CPU.ActiveCfg = Debug|Any CPU
		{DBAF4D5A-3989-4C1B-8EBB-008F56672C84}.Debug|Any CPU.Build.0 = Debug|Any CPU
		{DBAF4D5A-3989-4C1B-8EBB-008F56672C84}.Release|Any CPU.ActiveCfg = Release|Any CPU
		{DBAF4D5A-3989-4C1B-8EBB-008F56672C84}.Release|Any CPU.Build.0 = Release|Any CPU
	EndGlobalSection
	GlobalSection(SolutionProperties) = preSolution
		HideSolutionNode = FALSE
	EndGlobalSection
	GlobalSection(ExtensibilityGlobals) = postSolution
		SolutionGuid = {24F33FE1-6D22-417E-9BE9-BC84CD29FDFB}
	EndGlobalSection
EndGlobal
